
Microsoft Visual Studio Solution File, Format Version 12.00
# Visual Studio Version 17
VisualStudioVersion = 17.13.35913.81 d17.13
MinimumVisualStudioVersion = 10.0.40219.1
Project("{FAE04EC0-301F-11D3-BF4B-00C04F79EFBC}") = "GummyMeter", "GummyMeter.csproj", "{02D86821-A266-423E-8ECD-F3FE93DE5E04}"
EndProject
Global
	GlobalSection(SolutionConfigurationPlatforms) = preSolution
		Debug|Any CPU = Debug|Any CPU
		Release|Any CPU = Release|Any CPU
	EndGlobalSection
	GlobalSection(ProjectConfigurationPlatforms) = postSolution
		{02D86821-A266-423E-8ECD-F3FE93DE5E04}.Debug|Any CPU.ActiveCfg = Debug|Any CPU
		{02D86821-A266-423E-8ECD-F3FE93DE5E04}.Debug|Any CPU.Build.0 = Debug|Any CPU
		{02D86821-A266-423E-8ECD-F3FE93DE5E04}.Release|Any CPU.ActiveCfg = Release|Any CPU
		{02D86821-A266-423E-8ECD-F3FE93DE5E04}.Release|Any CPU.Build.0 = Release|Any CPU
	EndGlobalSection
	GlobalSection(SolutionProperties) = preSolution
		HideSolutionNode = FALSE
	EndGlobalSection
	GlobalSection(ExtensibilityGlobals) = postSolution
		SolutionGuid = {E187E641-3A71-4497-B5DB-C5DFEB9FAF67}
	EndGlobalSection
EndGlobal
